
Microsoft Visual Studio Solution File, Format Version 12.00
# Visual Studio 2013
VisualStudioVersion = 12.0.30723.0
MinimumVisualStudioVersion = 10.0.40219.1
Project("{FAE04EC0-301F-11D3-BF4B-00C04F79EFBC}") = "MvcPlay", "MvcPlay\MvcPlay.csproj", "{5BE74379-FD1B-4AF9-B9AC-EBE776C602FF}"
EndProject
Project("{FAE04EC0-301F-11D3-BF4B-00C04F79EFBC}") = "MvcPlay.Tests", "MvcPlay.Tests\MvcPlay.Tests.csproj", "{CB871121-E124-4043-8E2E-579B898F3D6F}"
EndProject
Project("{FAE04EC0-301F-11D3-BF4B-00C04F79EFBC}") = "MvcPlay.RazorView", "MvcPlay.RazorView\MvcPlay.RazorView.csproj", "{8DC1CC75-3927-4D40-8A5C-9C71614529DC}"
EndProject
Project("{FAE04EC0-301F-11D3-BF4B-00C04F79EFBC}") = "Conf.DataModel.Sql", "Conf.DataModel.Sql\Conf.DataModel.Sql.csproj", "{3F1454D6-043B-457D-A599-3107BE9ECD82}"
EndProject
Project("{FAE04EC0-301F-11D3-BF4B-00C04F79EFBC}") = "Conf.Model", "Conf.Model\Conf.Model.csproj", "{22DF9C06-4086-468D-8F4A-F326CCAC3B44}"
EndProject
Global
	GlobalSection(SolutionConfigurationPlatforms) = preSolution
		Debug|Any CPU = Debug|Any CPU
		Release|Any CPU = Release|Any CPU
	EndGlobalSection
	GlobalSection(ProjectConfigurationPlatforms) = postSolution
		{5BE74379-FD1B-4AF9-B9AC-EBE776C602FF}.Debug|Any CPU.ActiveCfg = Debug|Any CPU
		{5BE74379-FD1B-4AF9-B9AC-EBE776C602FF}.Debug|Any CPU.Build.0 = Debug|Any CPU
		{5BE74379-FD1B-4AF9-B9AC-EBE776C602FF}.Release|Any CPU.ActiveCfg = Release|Any CPU
		{5BE74379-FD1B-4AF9-B9AC-EBE776C602FF}.Release|Any CPU.Build.0 = Release|Any CPU
		{CB871121-E124-4043-8E2E-579B898F3D6F}.Debug|Any CPU.ActiveCfg = Debug|Any CPU
		{CB871121-E124-4043-8E2E-579B898F3D6F}.Debug|Any CPU.Build.0 = Debug|Any CPU
		{CB871121-E124-4043-8E2E-579B898F3D6F}.Release|Any CPU.ActiveCfg = Release|Any CPU
		{CB871121-E124-4043-8E2E-579B898F3D6F}.Release|Any CPU.Build.0 = Release|Any CPU
		{8DC1CC75-3927-4D40-8A5C-9C71614529DC}.Debug|Any CPU.ActiveCfg = Debug|Any CPU
		{8DC1CC75-3927-4D40-8A5C-9C71614529DC}.Debug|Any CPU.Build.0 = Debug|Any CPU
		{8DC1CC75-3927-4D40-8A5C-9C71614529DC}.Release|Any CPU.ActiveCfg = Release|Any CPU
		{8DC1CC75-3927-4D40-8A5C-9C71614529DC}.Release|Any CPU.Build.0 = Release|Any CPU
		{3F1454D6-043B-457D-A599-3107BE9ECD82}.Debug|Any CPU.ActiveCfg = Debug|Any CPU
		{3F1454D6-043B-457D-A599-3107BE9ECD82}.Debug|Any CPU.Build.0 = Debug|Any CPU
		{3F1454D6-043B-457D-A599-3107BE9ECD82}.Release|Any CPU.ActiveCfg = Release|Any CPU
		{3F1454D6-043B-457D-A599-3107BE9ECD82}.Release|Any CPU.Build.0 = Release|Any CPU
		{22DF9C06-4086-468D-8F4A-F326CCAC3B44}.Debug|Any CPU.ActiveCfg = Debug|Any CPU
		{22DF9C06-4086-468D-8F4A-F326CCAC3B44}.Debug|Any CPU.Build.0 = Debug|Any CPU
		{22DF9C06-4086-468D-8F4A-F326CCAC3B44}.Release|Any CPU.ActiveCfg = Release|Any CPU
		{22DF9C06-4086-468D-8F4A-F326CCAC3B44}.Release|Any CPU.Build.0 = Release|Any CPU
	EndGlobalSection
	GlobalSection(SolutionProperties) = preSolution
		HideSolutionNode = FALSE
	EndGlobalSection
EndGlobal
