
Microsoft Visual Studio Solution File, Format Version 12.00
# Visual Studio 2015
Project("{FAE04EC0-301F-11D3-BF4B-00C04F79EFBC}") = "BattleCard0.CSharp", "BattleCard0.CSharp.csproj", "{7B14381B-7FC4-C19F-6C9C-391FCFC0A10B}"
EndProject
Global
	GlobalSection(SolutionConfigurationPlatforms) = preSolution
		Debug|Any CPU = Debug|Any CPU
		Release|Any CPU = Release|Any CPU
	EndGlobalSection
	GlobalSection(ProjectConfigurationPlatforms) = postSolution
		{7B14381B-7FC4-C19F-6C9C-391FCFC0A10B}.Debug|Any CPU.ActiveCfg = Debug|Any CPU
		{7B14381B-7FC4-C19F-6C9C-391FCFC0A10B}.Debug|Any CPU.Build.0 = Debug|Any CPU
		{7B14381B-7FC4-C19F-6C9C-391FCFC0A10B}.Release|Any CPU.ActiveCfg = Release|Any CPU
		{7B14381B-7FC4-C19F-6C9C-391FCFC0A10B}.Release|Any CPU.Build.0 = Release|Any CPU
	EndGlobalSection
	GlobalSection(SolutionProperties) = preSolution
		HideSolutionNode = FALSE
	EndGlobalSection
EndGlobal
