
Microsoft Visual Studio Solution File, Format Version 12.00
# Visual Studio 2013
VisualStudioVersion = 12.0.30723.0
MinimumVisualStudioVersion = 10.0.40219.1
Project("{FAE04EC0-301F-11D3-BF4B-00C04F79EFBC}") = "JavaScriptPlay", "JavaScriptPlay\JavaScriptPlay.csproj", "{AADA2451-ADDF-4AC1-BE7C-844D2F34D984}"
EndProject
Project("{FAE04EC0-301F-11D3-BF4B-00C04F79EFBC}") = "AddressAutoCompletion.Google", "AddressAutoCompletion.Google\AddressAutoCompletion.Google.csproj", "{2DCD4FEF-C854-4344-9B1F-2D3131EBB3C7}"
EndProject
Project("{2150E333-8FDC-42A3-9474-1A3956D46DE8}") = "Packages", "Packages", "{1A4D231A-B14C-4EDB-960C-6AF621853821}"
	ProjectSection(SolutionItems) = preProject
		Packages\AddressAutoCompletion_1_0_151019_2.zip = Packages\AddressAutoCompletion_1_0_151019_2.zip
		Packages\AddressAutoCompletion_1_0_151019_2_managed.zip = Packages\AddressAutoCompletion_1_0_151019_2_managed.zip
	EndProjectSection
EndProject
Project("{FAE04EC0-301F-11D3-BF4B-00C04F79EFBC}") = "FullCalendarPlay", "FullCalendarPlay\FullCalendarPlay.csproj", "{7BCAEA04-8E6E-4D2E-BFCD-D72EEB9F0A5B}"
EndProject
Global
	GlobalSection(SolutionConfigurationPlatforms) = preSolution
		Debug|Any CPU = Debug|Any CPU
		Release|Any CPU = Release|Any CPU
	EndGlobalSection
	GlobalSection(ProjectConfigurationPlatforms) = postSolution
		{AADA2451-ADDF-4AC1-BE7C-844D2F34D984}.Debug|Any CPU.ActiveCfg = Debug|Any CPU
		{AADA2451-ADDF-4AC1-BE7C-844D2F34D984}.Debug|Any CPU.Build.0 = Debug|Any CPU
		{AADA2451-ADDF-4AC1-BE7C-844D2F34D984}.Release|Any CPU.ActiveCfg = Release|Any CPU
		{AADA2451-ADDF-4AC1-BE7C-844D2F34D984}.Release|Any CPU.Build.0 = Release|Any CPU
		{2DCD4FEF-C854-4344-9B1F-2D3131EBB3C7}.Debug|Any CPU.ActiveCfg = Debug|Any CPU
		{2DCD4FEF-C854-4344-9B1F-2D3131EBB3C7}.Debug|Any CPU.Build.0 = Debug|Any CPU
		{2DCD4FEF-C854-4344-9B1F-2D3131EBB3C7}.Release|Any CPU.ActiveCfg = Release|Any CPU
		{2DCD4FEF-C854-4344-9B1F-2D3131EBB3C7}.Release|Any CPU.Build.0 = Release|Any CPU
		{7BCAEA04-8E6E-4D2E-BFCD-D72EEB9F0A5B}.Debug|Any CPU.ActiveCfg = Debug|Any CPU
		{7BCAEA04-8E6E-4D2E-BFCD-D72EEB9F0A5B}.Debug|Any CPU.Build.0 = Debug|Any CPU
		{7BCAEA04-8E6E-4D2E-BFCD-D72EEB9F0A5B}.Release|Any CPU.ActiveCfg = Release|Any CPU
		{7BCAEA04-8E6E-4D2E-BFCD-D72EEB9F0A5B}.Release|Any CPU.Build.0 = Release|Any CPU
	EndGlobalSection
	GlobalSection(SolutionProperties) = preSolution
		HideSolutionNode = FALSE
	EndGlobalSection
EndGlobal
