
Microsoft Visual Studio Solution File, Format Version 12.00
# Visual Studio 14
VisualStudioVersion = 14.0.25420.1
MinimumVisualStudioVersion = 10.0.40219.1
Project("{FAE04EC0-301F-11D3-BF4B-00C04F79EFBC}") = "CSharpPlay.Async", "CSharpPlay.Async\CSharpPlay.Async.csproj", "{53A1504A-0597-43EE-A034-CE787A7F120E}"
EndProject
Project("{FAE04EC0-301F-11D3-BF4B-00C04F79EFBC}") = "CSharpPlay.Fundamentals", "CSharpPlay.Fundamentals\CSharpPlay.Fundamentals.csproj", "{B1038382-7213-4D15-A164-252470C37A25}"
EndProject
Project("{FAE04EC0-301F-11D3-BF4B-00C04F79EFBC}") = "DesignPatterns.Iterator", "DesignPatterns.Iterator\DesignPatterns.Iterator.csproj", "{502786C7-7D68-4506-94C7-29613B7AF1B9}"
EndProject
Project("{FAE04EC0-301F-11D3-BF4B-00C04F79EFBC}") = "DesignPatterns.Iterator.ConsoleUi", "DesignPatterns.Iterator.ConsoleUi\DesignPatterns.Iterator.ConsoleUi.csproj", "{A3C5580D-94F6-46D3-8AAA-E0185B8022C0}"
EndProject
Project("{FAE04EC0-301F-11D3-BF4B-00C04F79EFBC}") = "CSharpPlay.Fundamentals.Grades", "CSharpPlay.Fundamentals.Grades\CSharpPlay.Fundamentals.Grades.csproj", "{BB80EA9F-E200-48C6-A810-4CBD79006989}"
EndProject
Project("{FAE04EC0-301F-11D3-BF4B-00C04F79EFBC}") = "WpfApplicationAsync", "WpfApplicationAsync\WpfApplicationAsync.csproj", "{3FE41051-26EE-495F-AB3B-87782888B00F}"
EndProject
Project("{FAE04EC0-301F-11D3-BF4B-00C04F79EFBC}") = "Cryptography.DES", "Cryptography.DES\Cryptography.DES.csproj", "{A4915121-C2C2-4A03-94B0-BBD138F8672B}"
EndProject
Project("{FAE04EC0-301F-11D3-BF4B-00C04F79EFBC}") = "Katas.Algorithms", "Katas.Algorithms\Katas.Algorithms.csproj", "{9CEFCE3B-0F0E-4BE6-A66E-2FF218172013}"
EndProject
Project("{FAE04EC0-301F-11D3-BF4B-00C04F79EFBC}") = "Katas.Algorithms.UnitTests", "Katas.Algorithms.UnitTests\Katas.Algorithms.UnitTests.csproj", "{F54EA907-4725-452A-ABDF-E6B6219E1709}"
EndProject
Global
	GlobalSection(SolutionConfigurationPlatforms) = preSolution
		Debug|Any CPU = Debug|Any CPU
		Debug|ARM = Debug|ARM
		Debug|x64 = Debug|x64
		Debug|x86 = Debug|x86
		Release|Any CPU = Release|Any CPU
		Release|ARM = Release|ARM
		Release|x64 = Release|x64
		Release|x86 = Release|x86
	EndGlobalSection
	GlobalSection(ProjectConfigurationPlatforms) = postSolution
		{53A1504A-0597-43EE-A034-CE787A7F120E}.Debug|Any CPU.ActiveCfg = Debug|Any CPU
		{53A1504A-0597-43EE-A034-CE787A7F120E}.Debug|Any CPU.Build.0 = Debug|Any CPU
		{53A1504A-0597-43EE-A034-CE787A7F120E}.Debug|ARM.ActiveCfg = Debug|Any CPU
		{53A1504A-0597-43EE-A034-CE787A7F120E}.Debug|ARM.Build.0 = Debug|Any CPU
		{53A1504A-0597-43EE-A034-CE787A7F120E}.Debug|x64.ActiveCfg = Debug|Any CPU
		{53A1504A-0597-43EE-A034-CE787A7F120E}.Debug|x64.Build.0 = Debug|Any CPU
		{53A1504A-0597-43EE-A034-CE787A7F120E}.Debug|x86.ActiveCfg = Debug|Any CPU
		{53A1504A-0597-43EE-A034-CE787A7F120E}.Debug|x86.Build.0 = Debug|Any CPU
		{53A1504A-0597-43EE-A034-CE787A7F120E}.Release|Any CPU.ActiveCfg = Release|Any CPU
		{53A1504A-0597-43EE-A034-CE787A7F120E}.Release|Any CPU.Build.0 = Release|Any CPU
		{53A1504A-0597-43EE-A034-CE787A7F120E}.Release|ARM.ActiveCfg = Release|Any CPU
		{53A1504A-0597-43EE-A034-CE787A7F120E}.Release|ARM.Build.0 = Release|Any CPU
		{53A1504A-0597-43EE-A034-CE787A7F120E}.Release|x64.ActiveCfg = Release|Any CPU
		{53A1504A-0597-43EE-A034-CE787A7F120E}.Release|x64.Build.0 = Release|Any CPU
		{53A1504A-0597-43EE-A034-CE787A7F120E}.Release|x86.ActiveCfg = Release|Any CPU
		{53A1504A-0597-43EE-A034-CE787A7F120E}.Release|x86.Build.0 = Release|Any CPU
		{B1038382-7213-4D15-A164-252470C37A25}.Debug|Any CPU.ActiveCfg = Debug|Any CPU
		{B1038382-7213-4D15-A164-252470C37A25}.Debug|Any CPU.Build.0 = Debug|Any CPU
		{B1038382-7213-4D15-A164-252470C37A25}.Debug|ARM.ActiveCfg = Debug|Any CPU
		{B1038382-7213-4D15-A164-252470C37A25}.Debug|ARM.Build.0 = Debug|Any CPU
		{B1038382-7213-4D15-A164-252470C37A25}.Debug|x64.ActiveCfg = Debug|Any CPU
		{B1038382-7213-4D15-A164-252470C37A25}.Debug|x64.Build.0 = Debug|Any CPU
		{B1038382-7213-4D15-A164-252470C37A25}.Debug|x86.ActiveCfg = Debug|Any CPU
		{B1038382-7213-4D15-A164-252470C37A25}.Debug|x86.Build.0 = Debug|Any CPU
		{B1038382-7213-4D15-A164-252470C37A25}.Release|Any CPU.ActiveCfg = Release|Any CPU
		{B1038382-7213-4D15-A164-252470C37A25}.Release|Any CPU.Build.0 = Release|Any CPU
		{B1038382-7213-4D15-A164-252470C37A25}.Release|ARM.ActiveCfg = Release|Any CPU
		{B1038382-7213-4D15-A164-252470C37A25}.Release|ARM.Build.0 = Release|Any CPU
		{B1038382-7213-4D15-A164-252470C37A25}.Release|x64.ActiveCfg = Release|Any CPU
		{B1038382-7213-4D15-A164-252470C37A25}.Release|x64.Build.0 = Release|Any CPU
		{B1038382-7213-4D15-A164-252470C37A25}.Release|x86.ActiveCfg = Release|Any CPU
		{B1038382-7213-4D15-A164-252470C37A25}.Release|x86.Build.0 = Release|Any CPU
		{502786C7-7D68-4506-94C7-29613B7AF1B9}.Debug|Any CPU.ActiveCfg = Debug|Any CPU
		{502786C7-7D68-4506-94C7-29613B7AF1B9}.Debug|Any CPU.Build.0 = Debug|Any CPU
		{502786C7-7D68-4506-94C7-29613B7AF1B9}.Debug|ARM.ActiveCfg = Debug|Any CPU
		{502786C7-7D68-4506-94C7-29613B7AF1B9}.Debug|ARM.Build.0 = Debug|Any CPU
		{502786C7-7D68-4506-94C7-29613B7AF1B9}.Debug|x64.ActiveCfg = Debug|Any CPU
		{502786C7-7D68-4506-94C7-29613B7AF1B9}.Debug|x64.Build.0 = Debug|Any CPU
		{502786C7-7D68-4506-94C7-29613B7AF1B9}.Debug|x86.ActiveCfg = Debug|Any CPU
		{502786C7-7D68-4506-94C7-29613B7AF1B9}.Debug|x86.Build.0 = Debug|Any CPU
		{502786C7-7D68-4506-94C7-29613B7AF1B9}.Release|Any CPU.ActiveCfg = Release|Any CPU
		{502786C7-7D68-4506-94C7-29613B7AF1B9}.Release|Any CPU.Build.0 = Release|Any CPU
		{502786C7-7D68-4506-94C7-29613B7AF1B9}.Release|ARM.ActiveCfg = Release|Any CPU
		{502786C7-7D68-4506-94C7-29613B7AF1B9}.Release|ARM.Build.0 = Release|Any CPU
		{502786C7-7D68-4506-94C7-29613B7AF1B9}.Release|x64.ActiveCfg = Release|Any CPU
		{502786C7-7D68-4506-94C7-29613B7AF1B9}.Release|x64.Build.0 = Release|Any CPU
		{502786C7-7D68-4506-94C7-29613B7AF1B9}.Release|x86.ActiveCfg = Release|Any CPU
		{502786C7-7D68-4506-94C7-29613B7AF1B9}.Release|x86.Build.0 = Release|Any CPU
		{A3C5580D-94F6-46D3-8AAA-E0185B8022C0}.Debug|Any CPU.ActiveCfg = Debug|Any CPU
		{A3C5580D-94F6-46D3-8AAA-E0185B8022C0}.Debug|Any CPU.Build.0 = Debug|Any CPU
		{A3C5580D-94F6-46D3-8AAA-E0185B8022C0}.Debug|ARM.ActiveCfg = Debug|Any CPU
		{A3C5580D-94F6-46D3-8AAA-E0185B8022C0}.Debug|ARM.Build.0 = Debug|Any CPU
		{A3C5580D-94F6-46D3-8AAA-E0185B8022C0}.Debug|x64.ActiveCfg = Debug|Any CPU
		{A3C5580D-94F6-46D3-8AAA-E0185B8022C0}.Debug|x64.Build.0 = Debug|Any CPU
		{A3C5580D-94F6-46D3-8AAA-E0185B8022C0}.Debug|x86.ActiveCfg = Debug|Any CPU
		{A3C5580D-94F6-46D3-8AAA-E0185B8022C0}.Debug|x86.Build.0 = Debug|Any CPU
		{A3C5580D-94F6-46D3-8AAA-E0185B8022C0}.Release|Any CPU.ActiveCfg = Release|Any CPU
		{A3C5580D-94F6-46D3-8AAA-E0185B8022C0}.Release|Any CPU.Build.0 = Release|Any CPU
		{A3C5580D-94F6-46D3-8AAA-E0185B8022C0}.Release|ARM.ActiveCfg = Release|Any CPU
		{A3C5580D-94F6-46D3-8AAA-E0185B8022C0}.Release|ARM.Build.0 = Release|Any CPU
		{A3C5580D-94F6-46D3-8AAA-E0185B8022C0}.Release|x64.ActiveCfg = Release|Any CPU
		{A3C5580D-94F6-46D3-8AAA-E0185B8022C0}.Release|x64.Build.0 = Release|Any CPU
		{A3C5580D-94F6-46D3-8AAA-E0185B8022C0}.Release|x86.ActiveCfg = Release|Any CPU
		{A3C5580D-94F6-46D3-8AAA-E0185B8022C0}.Release|x86.Build.0 = Release|Any CPU
		{BB80EA9F-E200-48C6-A810-4CBD79006989}.Debug|Any CPU.ActiveCfg = Debug|Any CPU
		{BB80EA9F-E200-48C6-A810-4CBD79006989}.Debug|Any CPU.Build.0 = Debug|Any CPU
		{BB80EA9F-E200-48C6-A810-4CBD79006989}.Debug|ARM.ActiveCfg = Debug|Any CPU
		{BB80EA9F-E200-48C6-A810-4CBD79006989}.Debug|ARM.Build.0 = Debug|Any CPU
		{BB80EA9F-E200-48C6-A810-4CBD79006989}.Debug|x64.ActiveCfg = Debug|Any CPU
		{BB80EA9F-E200-48C6-A810-4CBD79006989}.Debug|x64.Build.0 = Debug|Any CPU
		{BB80EA9F-E200-48C6-A810-4CBD79006989}.Debug|x86.ActiveCfg = Debug|Any CPU
		{BB80EA9F-E200-48C6-A810-4CBD79006989}.Debug|x86.Build.0 = Debug|Any CPU
		{BB80EA9F-E200-48C6-A810-4CBD79006989}.Release|Any CPU.ActiveCfg = Release|Any CPU
		{BB80EA9F-E200-48C6-A810-4CBD79006989}.Release|Any CPU.Build.0 = Release|Any CPU
		{BB80EA9F-E200-48C6-A810-4CBD79006989}.Release|ARM.ActiveCfg = Release|Any CPU
		{BB80EA9F-E200-48C6-A810-4CBD79006989}.Release|ARM.Build.0 = Release|Any CPU
		{BB80EA9F-E200-48C6-A810-4CBD79006989}.Release|x64.ActiveCfg = Release|Any CPU
		{BB80EA9F-E200-48C6-A810-4CBD79006989}.Release|x64.Build.0 = Release|Any CPU
		{BB80EA9F-E200-48C6-A810-4CBD79006989}.Release|x86.ActiveCfg = Release|Any CPU
		{BB80EA9F-E200-48C6-A810-4CBD79006989}.Release|x86.Build.0 = Release|Any CPU
		{3FE41051-26EE-495F-AB3B-87782888B00F}.Debug|Any CPU.ActiveCfg = Debug|Any CPU
		{3FE41051-26EE-495F-AB3B-87782888B00F}.Debug|Any CPU.Build.0 = Debug|Any CPU
		{3FE41051-26EE-495F-AB3B-87782888B00F}.Debug|ARM.ActiveCfg = Debug|Any CPU
		{3FE41051-26EE-495F-AB3B-87782888B00F}.Debug|ARM.Build.0 = Debug|Any CPU
		{3FE41051-26EE-495F-AB3B-87782888B00F}.Debug|x64.ActiveCfg = Debug|Any CPU
		{3FE41051-26EE-495F-AB3B-87782888B00F}.Debug|x64.Build.0 = Debug|Any CPU
		{3FE41051-26EE-495F-AB3B-87782888B00F}.Debug|x86.ActiveCfg = Debug|Any CPU
		{3FE41051-26EE-495F-AB3B-87782888B00F}.Debug|x86.Build.0 = Debug|Any CPU
		{3FE41051-26EE-495F-AB3B-87782888B00F}.Release|Any CPU.ActiveCfg = Release|Any CPU
		{3FE41051-26EE-495F-AB3B-87782888B00F}.Release|Any CPU.Build.0 = Release|Any CPU
		{3FE41051-26EE-495F-AB3B-87782888B00F}.Release|ARM.ActiveCfg = Release|Any CPU
		{3FE41051-26EE-495F-AB3B-87782888B00F}.Release|ARM.Build.0 = Release|Any CPU
		{3FE41051-26EE-495F-AB3B-87782888B00F}.Release|x64.ActiveCfg = Release|Any CPU
		{3FE41051-26EE-495F-AB3B-87782888B00F}.Release|x64.Build.0 = Release|Any CPU
		{3FE41051-26EE-495F-AB3B-87782888B00F}.Release|x86.ActiveCfg = Release|Any CPU
		{3FE41051-26EE-495F-AB3B-87782888B00F}.Release|x86.Build.0 = Release|Any CPU
		{A4915121-C2C2-4A03-94B0-BBD138F8672B}.Debug|Any CPU.ActiveCfg = Debug|Any CPU
		{A4915121-C2C2-4A03-94B0-BBD138F8672B}.Debug|Any CPU.Build.0 = Debug|Any CPU
		{A4915121-C2C2-4A03-94B0-BBD138F8672B}.Debug|ARM.ActiveCfg = Debug|Any CPU
		{A4915121-C2C2-4A03-94B0-BBD138F8672B}.Debug|ARM.Build.0 = Debug|Any CPU
		{A4915121-C2C2-4A03-94B0-BBD138F8672B}.Debug|x64.ActiveCfg = Debug|Any CPU
		{A4915121-C2C2-4A03-94B0-BBD138F8672B}.Debug|x64.Build.0 = Debug|Any CPU
		{A4915121-C2C2-4A03-94B0-BBD138F8672B}.Debug|x86.ActiveCfg = Debug|Any CPU
		{A4915121-C2C2-4A03-94B0-BBD138F8672B}.Debug|x86.Build.0 = Debug|Any CPU
		{A4915121-C2C2-4A03-94B0-BBD138F8672B}.Release|Any CPU.ActiveCfg = Release|Any CPU
		{A4915121-C2C2-4A03-94B0-BBD138F8672B}.Release|Any CPU.Build.0 = Release|Any CPU
		{A4915121-C2C2-4A03-94B0-BBD138F8672B}.Release|ARM.ActiveCfg = Release|Any CPU
		{A4915121-C2C2-4A03-94B0-BBD138F8672B}.Release|ARM.Build.0 = Release|Any CPU
		{A4915121-C2C2-4A03-94B0-BBD138F8672B}.Release|x64.ActiveCfg = Release|Any CPU
		{A4915121-C2C2-4A03-94B0-BBD138F8672B}.Release|x64.Build.0 = Release|Any CPU
		{A4915121-C2C2-4A03-94B0-BBD138F8672B}.Release|x86.ActiveCfg = Release|Any CPU
		{A4915121-C2C2-4A03-94B0-BBD138F8672B}.Release|x86.Build.0 = Release|Any CPU
		{9CEFCE3B-0F0E-4BE6-A66E-2FF218172013}.Debug|Any CPU.ActiveCfg = Debug|Any CPU
		{9CEFCE3B-0F0E-4BE6-A66E-2FF218172013}.Debug|Any CPU.Build.0 = Debug|Any CPU
		{9CEFCE3B-0F0E-4BE6-A66E-2FF218172013}.Debug|ARM.ActiveCfg = Debug|Any CPU
		{9CEFCE3B-0F0E-4BE6-A66E-2FF218172013}.Debug|ARM.Build.0 = Debug|Any CPU
		{9CEFCE3B-0F0E-4BE6-A66E-2FF218172013}.Debug|x64.ActiveCfg = Debug|Any CPU
		{9CEFCE3B-0F0E-4BE6-A66E-2FF218172013}.Debug|x64.Build.0 = Debug|Any CPU
		{9CEFCE3B-0F0E-4BE6-A66E-2FF218172013}.Debug|x86.ActiveCfg = Debug|Any CPU
		{9CEFCE3B-0F0E-4BE6-A66E-2FF218172013}.Debug|x86.Build.0 = Debug|Any CPU
		{9CEFCE3B-0F0E-4BE6-A66E-2FF218172013}.Release|Any CPU.ActiveCfg = Release|Any CPU
		{9CEFCE3B-0F0E-4BE6-A66E-2FF218172013}.Release|Any CPU.Build.0 = Release|Any CPU
		{9CEFCE3B-0F0E-4BE6-A66E-2FF218172013}.Release|ARM.ActiveCfg = Release|Any CPU
		{9CEFCE3B-0F0E-4BE6-A66E-2FF218172013}.Release|ARM.Build.0 = Release|Any CPU
		{9CEFCE3B-0F0E-4BE6-A66E-2FF218172013}.Release|x64.ActiveCfg = Release|Any CPU
		{9CEFCE3B-0F0E-4BE6-A66E-2FF218172013}.Release|x64.Build.0 = Release|Any CPU
		{9CEFCE3B-0F0E-4BE6-A66E-2FF218172013}.Release|x86.ActiveCfg = Release|Any CPU
		{9CEFCE3B-0F0E-4BE6-A66E-2FF218172013}.Release|x86.Build.0 = Release|Any CPU
		{F54EA907-4725-452A-ABDF-E6B6219E1709}.Debug|Any CPU.ActiveCfg = Debug|Any CPU
		{F54EA907-4725-452A-ABDF-E6B6219E1709}.Debug|Any CPU.Build.0 = Debug|Any CPU
		{F54EA907-4725-452A-ABDF-E6B6219E1709}.Debug|ARM.ActiveCfg = Debug|Any CPU
		{F54EA907-4725-452A-ABDF-E6B6219E1709}.Debug|ARM.Build.0 = Debug|Any CPU
		{F54EA907-4725-452A-ABDF-E6B6219E1709}.Debug|x64.ActiveCfg = Debug|Any CPU
		{F54EA907-4725-452A-ABDF-E6B6219E1709}.Debug|x64.Build.0 = Debug|Any CPU
		{F54EA907-4725-452A-ABDF-E6B6219E1709}.Debug|x86.ActiveCfg = Debug|Any CPU
		{F54EA907-4725-452A-ABDF-E6B6219E1709}.Debug|x86.Build.0 = Debug|Any CPU
		{F54EA907-4725-452A-ABDF-E6B6219E1709}.Release|Any CPU.ActiveCfg = Release|Any CPU
		{F54EA907-4725-452A-ABDF-E6B6219E1709}.Release|Any CPU.Build.0 = Release|Any CPU
		{F54EA907-4725-452A-ABDF-E6B6219E1709}.Release|ARM.ActiveCfg = Release|Any CPU
		{F54EA907-4725-452A-ABDF-E6B6219E1709}.Release|ARM.Build.0 = Release|Any CPU
		{F54EA907-4725-452A-ABDF-E6B6219E1709}.Release|x64.ActiveCfg = Release|Any CPU
		{F54EA907-4725-452A-ABDF-E6B6219E1709}.Release|x64.Build.0 = Release|Any CPU
		{F54EA907-4725-452A-ABDF-E6B6219E1709}.Release|x86.ActiveCfg = Release|Any CPU
		{F54EA907-4725-452A-ABDF-E6B6219E1709}.Release|x86.Build.0 = Release|Any CPU
	EndGlobalSection
	GlobalSection(SolutionProperties) = preSolution
		HideSolutionNode = FALSE
	EndGlobalSection
EndGlobal
