
Microsoft Visual Studio Solution File, Format Version 12.00
# Visual Studio 14
VisualStudioVersion = 14.0.25420.1
MinimumVisualStudioVersion = 10.0.40219.1
Project("{2150E333-8FDC-42A3-9474-1A3956D46DE8}") = "src", "src", "{5E96A40A-02C7-454E-95F2-B23EEE1F90FD}"
EndProject
Project("{2150E333-8FDC-42A3-9474-1A3956D46DE8}") = "Solution Items", "Solution Items", "{53F3B1A0-2154-4E0A-A822-98F98AE0B7F4}"
	ProjectSection(SolutionItems) = preProject
		global.json = global.json
	EndProjectSection
EndProject
Project("{8BB2217D-0F2D-49D1-97BC-3654ED321F3B}") = "Web.Asp.Net.Core", "src\Web.Asp.Net.Core\Web.Asp.Net.Core.xproj", "{BDF62F88-6623-4B9F-A759-7DB8479E1C35}"
EndProject
Global
	GlobalSection(SolutionConfigurationPlatforms) = preSolution
		Debug|Any CPU = Debug|Any CPU
		Release|Any CPU = Release|Any CPU
	EndGlobalSection
	GlobalSection(ProjectConfigurationPlatforms) = postSolution
		{BDF62F88-6623-4B9F-A759-7DB8479E1C35}.Debug|Any CPU.ActiveCfg = Debug|Any CPU
		{BDF62F88-6623-4B9F-A759-7DB8479E1C35}.Debug|Any CPU.Build.0 = Debug|Any CPU
		{BDF62F88-6623-4B9F-A759-7DB8479E1C35}.Release|Any CPU.ActiveCfg = Release|Any CPU
		{BDF62F88-6623-4B9F-A759-7DB8479E1C35}.Release|Any CPU.Build.0 = Release|Any CPU
	EndGlobalSection
	GlobalSection(SolutionProperties) = preSolution
		HideSolutionNode = FALSE
	EndGlobalSection
	GlobalSection(NestedProjects) = preSolution
		{BDF62F88-6623-4B9F-A759-7DB8479E1C35} = {5E96A40A-02C7-454E-95F2-B23EEE1F90FD}
	EndGlobalSection
EndGlobal
