
Microsoft Visual Studio Solution File, Format Version 12.00
# Visual Studio 14
VisualStudioVersion = 14.0.24720.0
MinimumVisualStudioVersion = 10.0.40219.1
Project("{FAE04EC0-301F-11D3-BF4B-00C04F79EFBC}") = "OdeToFood", "OdeToFood\OdeToFood.csproj", "{F2CDACDF-931C-46B2-B39B-AB18BBFDF41D}"
EndProject
Project("{FAE04EC0-301F-11D3-BF4B-00C04F79EFBC}") = "OdeToFood.Tests", "OdeToFood.Tests\OdeToFood.Tests.csproj", "{596E0CB4-E4EC-4EB8-8AB2-C35650AB247E}"
EndProject
Global
	GlobalSection(SolutionConfigurationPlatforms) = preSolution
		Debug|Any CPU = Debug|Any CPU
		Release|Any CPU = Release|Any CPU
	EndGlobalSection
	GlobalSection(ProjectConfigurationPlatforms) = postSolution
		{F2CDACDF-931C-46B2-B39B-AB18BBFDF41D}.Debug|Any CPU.ActiveCfg = Debug|Any CPU
		{F2CDACDF-931C-46B2-B39B-AB18BBFDF41D}.Debug|Any CPU.Build.0 = Debug|Any CPU
		{F2CDACDF-931C-46B2-B39B-AB18BBFDF41D}.Release|Any CPU.ActiveCfg = Release|Any CPU
		{F2CDACDF-931C-46B2-B39B-AB18BBFDF41D}.Release|Any CPU.Build.0 = Release|Any CPU
		{596E0CB4-E4EC-4EB8-8AB2-C35650AB247E}.Debug|Any CPU.ActiveCfg = Debug|Any CPU
		{596E0CB4-E4EC-4EB8-8AB2-C35650AB247E}.Release|Any CPU.ActiveCfg = Release|Any CPU
		{596E0CB4-E4EC-4EB8-8AB2-C35650AB247E}.Release|Any CPU.Build.0 = Release|Any CPU
	EndGlobalSection
	GlobalSection(SolutionProperties) = preSolution
		HideSolutionNode = FALSE
	EndGlobalSection
EndGlobal
