
Microsoft Visual Studio Solution File, Format Version 12.00
# Visual Studio 2012
Project("{FAE04EC0-301F-11D3-BF4B-00C04F79EFBC}") = "CrmPackage", "Crm.CkEditor\CrmPackage\CrmPackage.csproj", "{F15160EA-0043-4E29-AA7E-CA43591C1BAB}"
EndProject
Project("{FAE04EC0-301F-11D3-BF4B-00C04F79EFBC}") = "CkEditorBasic", "CkEditorBasic\CkEditorBasic.csproj", "{00EA4BD0-5DA8-4880-890C-E74642DD9F03}"
EndProject
Project("{FAE04EC0-301F-11D3-BF4B-00C04F79EFBC}") = "CRMPackageDeployment", "CRMPackageDeployment\CRMPackageDeployment.csproj", "{170C0103-3F94-4896-9062-6314167F596A}"
EndProject
Project("{2150E333-8FDC-42A3-9474-1A3956D46DE8}") = "PackageDeployer", "PackageDeployer", "{5AD6DC8D-162A-4F51-848B-28E90A3250E3}"
	ProjectSection(SolutionItems) = preProject
		PackageDeployer\CRMDeployment.ps1 = PackageDeployer\CRMDeployment.ps1
	EndProjectSection
EndProject
Global
	GlobalSection(SolutionConfigurationPlatforms) = preSolution
		Debug|Any CPU = Debug|Any CPU
		Release|Any CPU = Release|Any CPU
	EndGlobalSection
	GlobalSection(ProjectConfigurationPlatforms) = postSolution
		{F15160EA-0043-4E29-AA7E-CA43591C1BAB}.Debug|Any CPU.ActiveCfg = Debug|Any CPU
		{F15160EA-0043-4E29-AA7E-CA43591C1BAB}.Debug|Any CPU.Build.0 = Debug|Any CPU
		{F15160EA-0043-4E29-AA7E-CA43591C1BAB}.Debug|Any CPU.Deploy.0 = Debug|Any CPU
		{F15160EA-0043-4E29-AA7E-CA43591C1BAB}.Release|Any CPU.ActiveCfg = Release|Any CPU
		{F15160EA-0043-4E29-AA7E-CA43591C1BAB}.Release|Any CPU.Build.0 = Release|Any CPU
		{F15160EA-0043-4E29-AA7E-CA43591C1BAB}.Release|Any CPU.Deploy.0 = Release|Any CPU
		{00EA4BD0-5DA8-4880-890C-E74642DD9F03}.Debug|Any CPU.ActiveCfg = Debug|Any CPU
		{00EA4BD0-5DA8-4880-890C-E74642DD9F03}.Debug|Any CPU.Build.0 = Debug|Any CPU
		{00EA4BD0-5DA8-4880-890C-E74642DD9F03}.Release|Any CPU.ActiveCfg = Release|Any CPU
		{00EA4BD0-5DA8-4880-890C-E74642DD9F03}.Release|Any CPU.Build.0 = Release|Any CPU
		{170C0103-3F94-4896-9062-6314167F596A}.Debug|Any CPU.ActiveCfg = Debug|Any CPU
		{170C0103-3F94-4896-9062-6314167F596A}.Debug|Any CPU.Build.0 = Debug|Any CPU
		{170C0103-3F94-4896-9062-6314167F596A}.Release|Any CPU.ActiveCfg = Release|Any CPU
		{170C0103-3F94-4896-9062-6314167F596A}.Release|Any CPU.Build.0 = Release|Any CPU
	EndGlobalSection
	GlobalSection(SolutionProperties) = preSolution
		HideSolutionNode = FALSE
	EndGlobalSection
EndGlobal
