
Microsoft Visual Studio Solution File, Format Version 12.00
# Visual Studio 2012
Project("{FAE04EC0-301F-11D3-BF4B-00C04F79EFBC}") = "CrmPackage", "Crm.CkEditor\CrmPackage\CrmPackage.csproj", "{F15160EA-0043-4E29-AA7E-CA43591C1BAB}"
EndProject
Project("{FAE04EC0-301F-11D3-BF4B-00C04F79EFBC}") = "CkEditorBasic", "CkEditorBasic\CkEditorBasic.csproj", "{00EA4BD0-5DA8-4880-890C-E74642DD9F03}"
EndProject
Project("{FAE04EC0-301F-11D3-BF4B-00C04F79EFBC}") = "CRMPackageDeployment", "CRMPackageDeployment\CRMPackageDeployment.csproj", "{170C0103-3F94-4896-9062-6314167F596A}"
EndProject
Project("{2150E333-8FDC-42A3-9474-1A3956D46DE8}") = "PackageDeployer", "PackageDeployer", "{5AD6DC8D-162A-4F51-848B-28E90A3250E3}"
	ProjectSection(SolutionItems) = preProject
		PackageDeployer\CRMDeployment.ps1 = PackageDeployer\CRMDeployment.ps1
		PackageDeployer\CRMPackageDeployment.dll = PackageDeployer\CRMPackageDeployment.dll
		PackageDeployer\Microsoft.Crm.Sdk.Proxy.dll = PackageDeployer\Microsoft.Crm.Sdk.Proxy.dll
		PackageDeployer\Microsoft.Expression.Interactions.dll = PackageDeployer\Microsoft.Expression.Interactions.dll
		PackageDeployer\Microsoft.Expression.Interactions.xml = PackageDeployer\Microsoft.Expression.Interactions.xml
		PackageDeployer\Microsoft.IdentityModel.dll = PackageDeployer\Microsoft.IdentityModel.dll
		PackageDeployer\Microsoft.Uii.AifServices.dll = PackageDeployer\Microsoft.Uii.AifServices.dll
		PackageDeployer\Microsoft.Uii.AifServices.xml = PackageDeployer\Microsoft.Uii.AifServices.xml
		PackageDeployer\Microsoft.Uii.Common.dll = PackageDeployer\Microsoft.Uii.Common.dll
		PackageDeployer\Microsoft.Uii.Common.TypeProvider.dll = PackageDeployer\Microsoft.Uii.Common.TypeProvider.dll
		PackageDeployer\Microsoft.Uii.Common.TypeProvider.xml = PackageDeployer\Microsoft.Uii.Common.TypeProvider.xml
		PackageDeployer\Microsoft.Uii.Common.xml = PackageDeployer\Microsoft.Uii.Common.xml
		PackageDeployer\Microsoft.Uii.CrmEntityManager.dll = PackageDeployer\Microsoft.Uii.CrmEntityManager.dll
		PackageDeployer\Microsoft.Uii.CrmEntityManager.xml = PackageDeployer\Microsoft.Uii.CrmEntityManager.xml
		PackageDeployer\Microsoft.Xrm.Sdk.Deployment.dll = PackageDeployer\Microsoft.Xrm.Sdk.Deployment.dll
		PackageDeployer\Microsoft.Xrm.Sdk.dll = PackageDeployer\Microsoft.Xrm.Sdk.dll
		PackageDeployer\microsoft.xrm.sdk.workflow.dll = PackageDeployer\microsoft.xrm.sdk.workflow.dll
		PackageDeployer\Microsoft.Xrm.Tooling.Connector.dll = PackageDeployer\Microsoft.Xrm.Tooling.Connector.dll
		PackageDeployer\Microsoft.Xrm.Tooling.Connector.xml = PackageDeployer\Microsoft.Xrm.Tooling.Connector.xml
		PackageDeployer\Microsoft.Xrm.Tooling.CrmConnectControl.dll = PackageDeployer\Microsoft.Xrm.Tooling.CrmConnectControl.dll
		PackageDeployer\Microsoft.Xrm.Tooling.CrmConnectControl.xml = PackageDeployer\Microsoft.Xrm.Tooling.CrmConnectControl.xml
		PackageDeployer\Microsoft.Xrm.Tooling.Dmt.DataMigCommon.dll = PackageDeployer\Microsoft.Xrm.Tooling.Dmt.DataMigCommon.dll
		PackageDeployer\Microsoft.Xrm.Tooling.Dmt.DataMigCommon.xml = PackageDeployer\Microsoft.Xrm.Tooling.Dmt.DataMigCommon.xml
		PackageDeployer\Microsoft.Xrm.Tooling.Dmt.ImportProcessor.dll = PackageDeployer\Microsoft.Xrm.Tooling.Dmt.ImportProcessor.dll
		PackageDeployer\Microsoft.Xrm.Tooling.Dmt.ImportProcessor.xml = PackageDeployer\Microsoft.Xrm.Tooling.Dmt.ImportProcessor.xml
		PackageDeployer\Microsoft.Xrm.Tooling.Dmt.MetadataHandler.dll = PackageDeployer\Microsoft.Xrm.Tooling.Dmt.MetadataHandler.dll
		PackageDeployer\Microsoft.Xrm.Tooling.Dmt.MetadataHandler.xml = PackageDeployer\Microsoft.Xrm.Tooling.Dmt.MetadataHandler.xml
		PackageDeployer\Microsoft.Xrm.Tooling.PackageDeployment.CrmPackageCore.dll = PackageDeployer\Microsoft.Xrm.Tooling.PackageDeployment.CrmPackageCore.dll
		PackageDeployer\Microsoft.Xrm.Tooling.PackageDeployment.CrmPackageCore.XML = PackageDeployer\Microsoft.Xrm.Tooling.PackageDeployment.CrmPackageCore.XML
		PackageDeployer\Microsoft.Xrm.Tooling.PackageDeployment.CrmPackageExtentionBase.dll = PackageDeployer\Microsoft.Xrm.Tooling.PackageDeployment.CrmPackageExtentionBase.dll
		PackageDeployer\Microsoft.Xrm.Tooling.PackageDeployment.CrmPackageExtentionBase.XML = PackageDeployer\Microsoft.Xrm.Tooling.PackageDeployment.CrmPackageExtentionBase.XML
		PackageDeployer\Microsoft.Xrm.Tooling.Ui.Styles.dll = PackageDeployer\Microsoft.Xrm.Tooling.Ui.Styles.dll
		PackageDeployer\Microsoft.Xrm.Tooling.Ui.Styles.xml = PackageDeployer\Microsoft.Xrm.Tooling.Ui.Styles.xml
		PackageDeployer\PackageDeployer.exe = PackageDeployer\PackageDeployer.exe
		PackageDeployer\PackageDeployer.exe.config = PackageDeployer\PackageDeployer.exe.config
		PackageDeployer\PackageDeployer.XML = PackageDeployer\PackageDeployer.XML
		PackageDeployer\System.IdentityModel.dll = PackageDeployer\System.IdentityModel.dll
		PackageDeployer\System.Windows.Interactivity.dll = PackageDeployer\System.Windows.Interactivity.dll
		PackageDeployer\System.Windows.Interactivity.xml = PackageDeployer\System.Windows.Interactivity.xml
	EndProjectSection
EndProject
Project("{2150E333-8FDC-42A3-9474-1A3956D46DE8}") = "PkgFolder", "PkgFolder", "{449F4C23-4DE7-4BE2-B8A5-0B94BB39BFAE}"
	ProjectSection(SolutionItems) = preProject
		PackageDeployer\PkgFolder\ImportConfig.xml = PackageDeployer\PkgFolder\ImportConfig.xml
	EndProjectSection
EndProject
Global
	GlobalSection(SolutionConfigurationPlatforms) = preSolution
		Debug|Any CPU = Debug|Any CPU
		Release|Any CPU = Release|Any CPU
	EndGlobalSection
	GlobalSection(ProjectConfigurationPlatforms) = postSolution
		{F15160EA-0043-4E29-AA7E-CA43591C1BAB}.Debug|Any CPU.ActiveCfg = Debug|Any CPU
		{F15160EA-0043-4E29-AA7E-CA43591C1BAB}.Debug|Any CPU.Build.0 = Debug|Any CPU
		{F15160EA-0043-4E29-AA7E-CA43591C1BAB}.Debug|Any CPU.Deploy.0 = Debug|Any CPU
		{F15160EA-0043-4E29-AA7E-CA43591C1BAB}.Release|Any CPU.ActiveCfg = Release|Any CPU
		{F15160EA-0043-4E29-AA7E-CA43591C1BAB}.Release|Any CPU.Build.0 = Release|Any CPU
		{F15160EA-0043-4E29-AA7E-CA43591C1BAB}.Release|Any CPU.Deploy.0 = Release|Any CPU
		{00EA4BD0-5DA8-4880-890C-E74642DD9F03}.Debug|Any CPU.ActiveCfg = Debug|Any CPU
		{00EA4BD0-5DA8-4880-890C-E74642DD9F03}.Debug|Any CPU.Build.0 = Debug|Any CPU
		{00EA4BD0-5DA8-4880-890C-E74642DD9F03}.Release|Any CPU.ActiveCfg = Release|Any CPU
		{00EA4BD0-5DA8-4880-890C-E74642DD9F03}.Release|Any CPU.Build.0 = Release|Any CPU
		{170C0103-3F94-4896-9062-6314167F596A}.Debug|Any CPU.ActiveCfg = Debug|Any CPU
		{170C0103-3F94-4896-9062-6314167F596A}.Debug|Any CPU.Build.0 = Debug|Any CPU
		{170C0103-3F94-4896-9062-6314167F596A}.Release|Any CPU.ActiveCfg = Release|Any CPU
		{170C0103-3F94-4896-9062-6314167F596A}.Release|Any CPU.Build.0 = Release|Any CPU
	EndGlobalSection
	GlobalSection(SolutionProperties) = preSolution
		HideSolutionNode = FALSE
	EndGlobalSection
	GlobalSection(NestedProjects) = preSolution
		{449F4C23-4DE7-4BE2-B8A5-0B94BB39BFAE} = {5AD6DC8D-162A-4F51-848B-28E90A3250E3}
	EndGlobalSection
EndGlobal
