
Microsoft Visual Studio Solution File, Format Version 12.00
# Visual Studio 2013
VisualStudioVersion = 12.0.30723.0
MinimumVisualStudioVersion = 10.0.40219.1
Project("{2150E333-8FDC-42A3-9474-1A3956D46DE8}") = "OtherSharingExamples", "OtherSharingExamples", "{B786785B-08BE-43C2-9628-B7EA4EC4F805}"
EndProject
Project("{2150E333-8FDC-42A3-9474-1A3956D46DE8}") = "UniversalAppsExample", "UniversalAppsExample", "{1DAA4888-3599-40F8-80D6-A6CB6C48F14A}"
EndProject
Project("{2150E333-8FDC-42A3-9474-1A3956D46DE8}") = "LinkedFile", "LinkedFile", "{0D9AD0AB-FB16-4B95-A04A-E37AA471884E}"
	ProjectSection(SolutionItems) = preProject
		OtherSharingExamples\LinkedFile\HelloWorldClass.cs = OtherSharingExamples\LinkedFile\HelloWorldClass.cs
	EndProjectSection
EndProject
Project("{FAE04EC0-301F-11D3-BF4B-00C04F79EFBC}") = "Phone", "OtherSharingExamples\Phone\Phone.csproj", "{FED24B70-9E84-4D2A-BAF5-ECB355A5EE3B}"
EndProject
Project("{FAE04EC0-301F-11D3-BF4B-00C04F79EFBC}") = "WindowsStore", "OtherSharingExamples\WindowsStore\WindowsStore.csproj", "{EE3D4F18-40BD-4AC7-81DD-5E0243FEF4FC}"
EndProject
Project("{2150E333-8FDC-42A3-9474-1A3956D46DE8}") = "PortableClassLibrary", "PortableClassLibrary", "{A424B094-9B3F-4A4D-A138-AAFC5B0D7F72}"
EndProject
Project("{FAE04EC0-301F-11D3-BF4B-00C04F79EFBC}") = "PortableClassLibrary", "OtherSharingExamples\PortableClassLibrary\PortableClassLibrary.csproj", "{67A967D3-A43C-4FD5-9785-BB7C593050AB}"
EndProject
Project("{2150E333-8FDC-42A3-9474-1A3956D46DE8}") = "WinRTComponent", "WinRTComponent", "{CD04AA96-793D-48D0-8B99-815EE4D1850E}"
EndProject
Project("{FAE04EC0-301F-11D3-BF4B-00C04F79EFBC}") = "WinRTComponent", "OtherSharingExamples\WinRTComponent\WinRTComponent.csproj", "{46F63F82-772E-427C-836A-730BC97F67F2}"
EndProject
Project("{262852C6-CD72-467D-83FE-5EEB1973A190}") = "JavaScriptPhone", "OtherSharingExamples\JavaScriptPhone\JavaScriptPhone.jsproj", "{4B096907-2F0A-4FCB-AE12-D5B492F5D799}"
EndProject
Project("{2150E333-8FDC-42A3-9474-1A3956D46DE8}") = "Universal", "Universal", "{30AC3C09-6CE0-4547-8F41-3CABBDEFA1AB}"
EndProject
Project("{D954291E-2A0B-460D-934E-DC6B0785DB48}") = "Universal.Shared", "Universal\Universal.Shared\Universal.Shared.shproj", "{A381F49D-1FD6-4765-B1C3-1AB3360979C7}"
EndProject
Project("{FAE04EC0-301F-11D3-BF4B-00C04F79EFBC}") = "Universal.Windows", "Universal\Universal.Windows\Universal.Windows.csproj", "{24BE177E-81E7-4FE8-8E41-50C86FCB1D42}"
EndProject
Project("{FAE04EC0-301F-11D3-BF4B-00C04F79EFBC}") = "Universal.WindowsPhone", "Universal\Universal.WindowsPhone\Universal.WindowsPhone.csproj", "{3D3AE4FD-7D22-4767-882F-3B7125D54676}"
EndProject
Global
	GlobalSection(SharedMSBuildProjectFiles) = preSolution
		Universal\Universal.Shared\Universal.Shared.projitems*{a381f49d-1fd6-4765-b1c3-1ab3360979c7}*SharedItemsImports = 13
		Universal\Universal.Shared\Universal.Shared.projitems*{24be177e-81e7-4fe8-8e41-50c86fcb1d42}*SharedItemsImports = 4
		Universal\Universal.Shared\Universal.Shared.projitems*{3d3ae4fd-7d22-4767-882f-3b7125d54676}*SharedItemsImports = 4
	EndGlobalSection
	GlobalSection(SolutionConfigurationPlatforms) = preSolution
		Debug|Any CPU = Debug|Any CPU
		Debug|ARM = Debug|ARM
		Debug|x64 = Debug|x64
		Debug|x86 = Debug|x86
		Release|Any CPU = Release|Any CPU
		Release|ARM = Release|ARM
		Release|x64 = Release|x64
		Release|x86 = Release|x86
	EndGlobalSection
	GlobalSection(ProjectConfigurationPlatforms) = postSolution
		{FED24B70-9E84-4D2A-BAF5-ECB355A5EE3B}.Debug|Any CPU.ActiveCfg = Debug|Any CPU
		{FED24B70-9E84-4D2A-BAF5-ECB355A5EE3B}.Debug|Any CPU.Build.0 = Debug|Any CPU
		{FED24B70-9E84-4D2A-BAF5-ECB355A5EE3B}.Debug|Any CPU.Deploy.0 = Debug|Any CPU
		{FED24B70-9E84-4D2A-BAF5-ECB355A5EE3B}.Debug|ARM.ActiveCfg = Debug|ARM
		{FED24B70-9E84-4D2A-BAF5-ECB355A5EE3B}.Debug|ARM.Build.0 = Debug|ARM
		{FED24B70-9E84-4D2A-BAF5-ECB355A5EE3B}.Debug|ARM.Deploy.0 = Debug|ARM
		{FED24B70-9E84-4D2A-BAF5-ECB355A5EE3B}.Debug|x64.ActiveCfg = Debug|Any CPU
		{FED24B70-9E84-4D2A-BAF5-ECB355A5EE3B}.Debug|x86.ActiveCfg = Debug|x86
		{FED24B70-9E84-4D2A-BAF5-ECB355A5EE3B}.Debug|x86.Build.0 = Debug|x86
		{FED24B70-9E84-4D2A-BAF5-ECB355A5EE3B}.Debug|x86.Deploy.0 = Debug|x86
		{FED24B70-9E84-4D2A-BAF5-ECB355A5EE3B}.Release|Any CPU.ActiveCfg = Release|Any CPU
		{FED24B70-9E84-4D2A-BAF5-ECB355A5EE3B}.Release|Any CPU.Build.0 = Release|Any CPU
		{FED24B70-9E84-4D2A-BAF5-ECB355A5EE3B}.Release|Any CPU.Deploy.0 = Release|Any CPU
		{FED24B70-9E84-4D2A-BAF5-ECB355A5EE3B}.Release|ARM.ActiveCfg = Release|ARM
		{FED24B70-9E84-4D2A-BAF5-ECB355A5EE3B}.Release|ARM.Build.0 = Release|ARM
		{FED24B70-9E84-4D2A-BAF5-ECB355A5EE3B}.Release|ARM.Deploy.0 = Release|ARM
		{FED24B70-9E84-4D2A-BAF5-ECB355A5EE3B}.Release|x64.ActiveCfg = Release|Any CPU
		{FED24B70-9E84-4D2A-BAF5-ECB355A5EE3B}.Release|x86.ActiveCfg = Release|x86
		{FED24B70-9E84-4D2A-BAF5-ECB355A5EE3B}.Release|x86.Build.0 = Release|x86
		{FED24B70-9E84-4D2A-BAF5-ECB355A5EE3B}.Release|x86.Deploy.0 = Release|x86
		{EE3D4F18-40BD-4AC7-81DD-5E0243FEF4FC}.Debug|Any CPU.ActiveCfg = Debug|Any CPU
		{EE3D4F18-40BD-4AC7-81DD-5E0243FEF4FC}.Debug|Any CPU.Build.0 = Debug|Any CPU
		{EE3D4F18-40BD-4AC7-81DD-5E0243FEF4FC}.Debug|Any CPU.Deploy.0 = Debug|Any CPU
		{EE3D4F18-40BD-4AC7-81DD-5E0243FEF4FC}.Debug|ARM.ActiveCfg = Debug|ARM
		{EE3D4F18-40BD-4AC7-81DD-5E0243FEF4FC}.Debug|ARM.Build.0 = Debug|ARM
		{EE3D4F18-40BD-4AC7-81DD-5E0243FEF4FC}.Debug|ARM.Deploy.0 = Debug|ARM
		{EE3D4F18-40BD-4AC7-81DD-5E0243FEF4FC}.Debug|x64.ActiveCfg = Debug|x64
		{EE3D4F18-40BD-4AC7-81DD-5E0243FEF4FC}.Debug|x64.Build.0 = Debug|x64
		{EE3D4F18-40BD-4AC7-81DD-5E0243FEF4FC}.Debug|x64.Deploy.0 = Debug|x64
		{EE3D4F18-40BD-4AC7-81DD-5E0243FEF4FC}.Debug|x86.ActiveCfg = Debug|x86
		{EE3D4F18-40BD-4AC7-81DD-5E0243FEF4FC}.Debug|x86.Build.0 = Debug|x86
		{EE3D4F18-40BD-4AC7-81DD-5E0243FEF4FC}.Debug|x86.Deploy.0 = Debug|x86
		{EE3D4F18-40BD-4AC7-81DD-5E0243FEF4FC}.Release|Any CPU.ActiveCfg = Release|Any CPU
		{EE3D4F18-40BD-4AC7-81DD-5E0243FEF4FC}.Release|Any CPU.Build.0 = Release|Any CPU
		{EE3D4F18-40BD-4AC7-81DD-5E0243FEF4FC}.Release|Any CPU.Deploy.0 = Release|Any CPU
		{EE3D4F18-40BD-4AC7-81DD-5E0243FEF4FC}.Release|ARM.ActiveCfg = Release|ARM
		{EE3D4F18-40BD-4AC7-81DD-5E0243FEF4FC}.Release|ARM.Build.0 = Release|ARM
		{EE3D4F18-40BD-4AC7-81DD-5E0243FEF4FC}.Release|ARM.Deploy.0 = Release|ARM
		{EE3D4F18-40BD-4AC7-81DD-5E0243FEF4FC}.Release|x64.ActiveCfg = Release|x64
		{EE3D4F18-40BD-4AC7-81DD-5E0243FEF4FC}.Release|x64.Build.0 = Release|x64
		{EE3D4F18-40BD-4AC7-81DD-5E0243FEF4FC}.Release|x64.Deploy.0 = Release|x64
		{EE3D4F18-40BD-4AC7-81DD-5E0243FEF4FC}.Release|x86.ActiveCfg = Release|x86
		{EE3D4F18-40BD-4AC7-81DD-5E0243FEF4FC}.Release|x86.Build.0 = Release|x86
		{EE3D4F18-40BD-4AC7-81DD-5E0243FEF4FC}.Release|x86.Deploy.0 = Release|x86
		{67A967D3-A43C-4FD5-9785-BB7C593050AB}.Debug|Any CPU.ActiveCfg = Debug|Any CPU
		{67A967D3-A43C-4FD5-9785-BB7C593050AB}.Debug|Any CPU.Build.0 = Debug|Any CPU
		{67A967D3-A43C-4FD5-9785-BB7C593050AB}.Debug|ARM.ActiveCfg = Debug|Any CPU
		{67A967D3-A43C-4FD5-9785-BB7C593050AB}.Debug|x64.ActiveCfg = Debug|Any CPU
		{67A967D3-A43C-4FD5-9785-BB7C593050AB}.Debug|x86.ActiveCfg = Debug|Any CPU
		{67A967D3-A43C-4FD5-9785-BB7C593050AB}.Release|Any CPU.ActiveCfg = Release|Any CPU
		{67A967D3-A43C-4FD5-9785-BB7C593050AB}.Release|Any CPU.Build.0 = Release|Any CPU
		{67A967D3-A43C-4FD5-9785-BB7C593050AB}.Release|ARM.ActiveCfg = Release|Any CPU
		{67A967D3-A43C-4FD5-9785-BB7C593050AB}.Release|x64.ActiveCfg = Release|Any CPU
		{67A967D3-A43C-4FD5-9785-BB7C593050AB}.Release|x86.ActiveCfg = Release|Any CPU
		{46F63F82-772E-427C-836A-730BC97F67F2}.Debug|Any CPU.ActiveCfg = Debug|Any CPU
		{46F63F82-772E-427C-836A-730BC97F67F2}.Debug|Any CPU.Build.0 = Debug|Any CPU
		{46F63F82-772E-427C-836A-730BC97F67F2}.Debug|ARM.ActiveCfg = Debug|Any CPU
		{46F63F82-772E-427C-836A-730BC97F67F2}.Debug|x64.ActiveCfg = Debug|Any CPU
		{46F63F82-772E-427C-836A-730BC97F67F2}.Debug|x86.ActiveCfg = Debug|Any CPU
		{46F63F82-772E-427C-836A-730BC97F67F2}.Release|Any CPU.ActiveCfg = Release|Any CPU
		{46F63F82-772E-427C-836A-730BC97F67F2}.Release|Any CPU.Build.0 = Release|Any CPU
		{46F63F82-772E-427C-836A-730BC97F67F2}.Release|ARM.ActiveCfg = Release|Any CPU
		{46F63F82-772E-427C-836A-730BC97F67F2}.Release|x64.ActiveCfg = Release|Any CPU
		{46F63F82-772E-427C-836A-730BC97F67F2}.Release|x86.ActiveCfg = Release|Any CPU
		{4B096907-2F0A-4FCB-AE12-D5B492F5D799}.Debug|Any CPU.ActiveCfg = Debug|Any CPU
		{4B096907-2F0A-4FCB-AE12-D5B492F5D799}.Debug|Any CPU.Build.0 = Debug|Any CPU
		{4B096907-2F0A-4FCB-AE12-D5B492F5D799}.Debug|Any CPU.Deploy.0 = Debug|Any CPU
		{4B096907-2F0A-4FCB-AE12-D5B492F5D799}.Debug|ARM.ActiveCfg = Debug|ARM
		{4B096907-2F0A-4FCB-AE12-D5B492F5D799}.Debug|ARM.Build.0 = Debug|ARM
		{4B096907-2F0A-4FCB-AE12-D5B492F5D799}.Debug|ARM.Deploy.0 = Debug|ARM
		{4B096907-2F0A-4FCB-AE12-D5B492F5D799}.Debug|x64.ActiveCfg = Debug|Any CPU
		{4B096907-2F0A-4FCB-AE12-D5B492F5D799}.Debug|x86.ActiveCfg = Debug|x86
		{4B096907-2F0A-4FCB-AE12-D5B492F5D799}.Debug|x86.Build.0 = Debug|x86
		{4B096907-2F0A-4FCB-AE12-D5B492F5D799}.Debug|x86.Deploy.0 = Debug|x86
		{4B096907-2F0A-4FCB-AE12-D5B492F5D799}.Release|Any CPU.ActiveCfg = Release|Any CPU
		{4B096907-2F0A-4FCB-AE12-D5B492F5D799}.Release|Any CPU.Build.0 = Release|Any CPU
		{4B096907-2F0A-4FCB-AE12-D5B492F5D799}.Release|Any CPU.Deploy.0 = Release|Any CPU
		{4B096907-2F0A-4FCB-AE12-D5B492F5D799}.Release|ARM.ActiveCfg = Release|ARM
		{4B096907-2F0A-4FCB-AE12-D5B492F5D799}.Release|ARM.Build.0 = Release|ARM
		{4B096907-2F0A-4FCB-AE12-D5B492F5D799}.Release|ARM.Deploy.0 = Release|ARM
		{4B096907-2F0A-4FCB-AE12-D5B492F5D799}.Release|x64.ActiveCfg = Release|Any CPU
		{4B096907-2F0A-4FCB-AE12-D5B492F5D799}.Release|x86.ActiveCfg = Release|x86
		{4B096907-2F0A-4FCB-AE12-D5B492F5D799}.Release|x86.Build.0 = Release|x86
		{4B096907-2F0A-4FCB-AE12-D5B492F5D799}.Release|x86.Deploy.0 = Release|x86
		{24BE177E-81E7-4FE8-8E41-50C86FCB1D42}.Debug|Any CPU.ActiveCfg = Debug|Any CPU
		{24BE177E-81E7-4FE8-8E41-50C86FCB1D42}.Debug|Any CPU.Build.0 = Debug|Any CPU
		{24BE177E-81E7-4FE8-8E41-50C86FCB1D42}.Debug|Any CPU.Deploy.0 = Debug|Any CPU
		{24BE177E-81E7-4FE8-8E41-50C86FCB1D42}.Debug|ARM.ActiveCfg = Debug|ARM
		{24BE177E-81E7-4FE8-8E41-50C86FCB1D42}.Debug|ARM.Build.0 = Debug|ARM
		{24BE177E-81E7-4FE8-8E41-50C86FCB1D42}.Debug|ARM.Deploy.0 = Debug|ARM
		{24BE177E-81E7-4FE8-8E41-50C86FCB1D42}.Debug|x64.ActiveCfg = Debug|x64
		{24BE177E-81E7-4FE8-8E41-50C86FCB1D42}.Debug|x64.Build.0 = Debug|x64
		{24BE177E-81E7-4FE8-8E41-50C86FCB1D42}.Debug|x64.Deploy.0 = Debug|x64
		{24BE177E-81E7-4FE8-8E41-50C86FCB1D42}.Debug|x86.ActiveCfg = Debug|x86
		{24BE177E-81E7-4FE8-8E41-50C86FCB1D42}.Debug|x86.Build.0 = Debug|x86
		{24BE177E-81E7-4FE8-8E41-50C86FCB1D42}.Debug|x86.Deploy.0 = Debug|x86
		{24BE177E-81E7-4FE8-8E41-50C86FCB1D42}.Release|Any CPU.ActiveCfg = Release|Any CPU
		{24BE177E-81E7-4FE8-8E41-50C86FCB1D42}.Release|Any CPU.Build.0 = Release|Any CPU
		{24BE177E-81E7-4FE8-8E41-50C86FCB1D42}.Release|Any CPU.Deploy.0 = Release|Any CPU
		{24BE177E-81E7-4FE8-8E41-50C86FCB1D42}.Release|ARM.ActiveCfg = Release|ARM
		{24BE177E-81E7-4FE8-8E41-50C86FCB1D42}.Release|ARM.Build.0 = Release|ARM
		{24BE177E-81E7-4FE8-8E41-50C86FCB1D42}.Release|ARM.Deploy.0 = Release|ARM
		{24BE177E-81E7-4FE8-8E41-50C86FCB1D42}.Release|x64.ActiveCfg = Release|x64
		{24BE177E-81E7-4FE8-8E41-50C86FCB1D42}.Release|x64.Build.0 = Release|x64
		{24BE177E-81E7-4FE8-8E41-50C86FCB1D42}.Release|x64.Deploy.0 = Release|x64
		{24BE177E-81E7-4FE8-8E41-50C86FCB1D42}.Release|x86.ActiveCfg = Release|x86
		{24BE177E-81E7-4FE8-8E41-50C86FCB1D42}.Release|x86.Build.0 = Release|x86
		{24BE177E-81E7-4FE8-8E41-50C86FCB1D42}.Release|x86.Deploy.0 = Release|x86
		{3D3AE4FD-7D22-4767-882F-3B7125D54676}.Debug|Any CPU.ActiveCfg = Debug|Any CPU
		{3D3AE4FD-7D22-4767-882F-3B7125D54676}.Debug|Any CPU.Build.0 = Debug|Any CPU
		{3D3AE4FD-7D22-4767-882F-3B7125D54676}.Debug|Any CPU.Deploy.0 = Debug|Any CPU
		{3D3AE4FD-7D22-4767-882F-3B7125D54676}.Debug|ARM.ActiveCfg = Debug|ARM
		{3D3AE4FD-7D22-4767-882F-3B7125D54676}.Debug|ARM.Build.0 = Debug|ARM
		{3D3AE4FD-7D22-4767-882F-3B7125D54676}.Debug|ARM.Deploy.0 = Debug|ARM
		{3D3AE4FD-7D22-4767-882F-3B7125D54676}.Debug|x64.ActiveCfg = Debug|Any CPU
		{3D3AE4FD-7D22-4767-882F-3B7125D54676}.Debug|x86.ActiveCfg = Debug|x86
		{3D3AE4FD-7D22-4767-882F-3B7125D54676}.Debug|x86.Build.0 = Debug|x86
		{3D3AE4FD-7D22-4767-882F-3B7125D54676}.Debug|x86.Deploy.0 = Debug|x86
		{3D3AE4FD-7D22-4767-882F-3B7125D54676}.Release|Any CPU.ActiveCfg = Release|Any CPU
		{3D3AE4FD-7D22-4767-882F-3B7125D54676}.Release|Any CPU.Build.0 = Release|Any CPU
		{3D3AE4FD-7D22-4767-882F-3B7125D54676}.Release|Any CPU.Deploy.0 = Release|Any CPU
		{3D3AE4FD-7D22-4767-882F-3B7125D54676}.Release|ARM.ActiveCfg = Release|ARM
		{3D3AE4FD-7D22-4767-882F-3B7125D54676}.Release|ARM.Build.0 = Release|ARM
		{3D3AE4FD-7D22-4767-882F-3B7125D54676}.Release|ARM.Deploy.0 = Release|ARM
		{3D3AE4FD-7D22-4767-882F-3B7125D54676}.Release|x64.ActiveCfg = Release|Any CPU
		{3D3AE4FD-7D22-4767-882F-3B7125D54676}.Release|x86.ActiveCfg = Release|x86
		{3D3AE4FD-7D22-4767-882F-3B7125D54676}.Release|x86.Build.0 = Release|x86
		{3D3AE4FD-7D22-4767-882F-3B7125D54676}.Release|x86.Deploy.0 = Release|x86
	EndGlobalSection
	GlobalSection(SolutionProperties) = preSolution
		HideSolutionNode = FALSE
	EndGlobalSection
	GlobalSection(NestedProjects) = preSolution
		{0D9AD0AB-FB16-4B95-A04A-E37AA471884E} = {B786785B-08BE-43C2-9628-B7EA4EC4F805}
		{FED24B70-9E84-4D2A-BAF5-ECB355A5EE3B} = {B786785B-08BE-43C2-9628-B7EA4EC4F805}
		{EE3D4F18-40BD-4AC7-81DD-5E0243FEF4FC} = {B786785B-08BE-43C2-9628-B7EA4EC4F805}
		{A424B094-9B3F-4A4D-A138-AAFC5B0D7F72} = {B786785B-08BE-43C2-9628-B7EA4EC4F805}
		{67A967D3-A43C-4FD5-9785-BB7C593050AB} = {A424B094-9B3F-4A4D-A138-AAFC5B0D7F72}
		{CD04AA96-793D-48D0-8B99-815EE4D1850E} = {B786785B-08BE-43C2-9628-B7EA4EC4F805}
		{46F63F82-772E-427C-836A-730BC97F67F2} = {CD04AA96-793D-48D0-8B99-815EE4D1850E}
		{4B096907-2F0A-4FCB-AE12-D5B492F5D799} = {B786785B-08BE-43C2-9628-B7EA4EC4F805}
		{30AC3C09-6CE0-4547-8F41-3CABBDEFA1AB} = {1DAA4888-3599-40F8-80D6-A6CB6C48F14A}
		{A381F49D-1FD6-4765-B1C3-1AB3360979C7} = {30AC3C09-6CE0-4547-8F41-3CABBDEFA1AB}
		{24BE177E-81E7-4FE8-8E41-50C86FCB1D42} = {30AC3C09-6CE0-4547-8F41-3CABBDEFA1AB}
		{3D3AE4FD-7D22-4767-882F-3B7125D54676} = {30AC3C09-6CE0-4547-8F41-3CABBDEFA1AB}
	EndGlobalSection
EndGlobal
